{
  "name": "chess-microservices",
  "lockfileVersion": 3,
  "requires": true,
  "packages": {
    "": {
      "dependencies": {
        "@paypal/checkout-server-sdk": "^1.0.3",
        "nest": "^0.1.6",
        "nestjs": "^0.0.1"
      }
    },
    "node_modules/@paypal/checkout-server-sdk": {
      "version": "1.0.3",
      "resolved": "https://registry.npmjs.org/@paypal/checkout-server-sdk/-/checkout-server-sdk-1.0.3.tgz",
      "integrity": "sha512-UEdq8akEdMz0Vs4qoQFU2gMp8PpyE/HKyMwiZuK4vIWUKl8jfd1fWKjQN5cDFm9NkFUIp5U7h++rdMOVj9WMNA==",
      "deprecated": "Package no longer supported. The author suggests using the @paypal/paypal-server-sdk package instead: https://www.npmjs.com/package/@paypal/paypal-server-sdk. Contact Support at https://www.npmjs.com/support for more info.",
      "license": "SEE LICENSE IN https://github.com/paypal/Checkout-NodeJS-SDK/blob/master/LICENSE",
      "dependencies": {
        "@paypal/paypalhttp": "^1.0.1"
      },
      "engines": {
        "node": ">=8"
      }
    },
    "node_modules/@paypal/paypalhttp": {
      "version": "1.0.1",
      "resolved": "https://registry.npmjs.org/@paypal/paypalhttp/-/paypalhttp-1.0.1.tgz",
      "integrity": "sha512-DC7AHxTT7drF6dUi3YaFdPVuT15sIkpD5H2eHmdtFgxM4UanS1o1ZDfMhR9mpxd8o+X6pz2r+EZVRRq+n1cssQ==",
      "license": "MIT",
      "engines": {
        "node": ">=4"
      }
    },
    "node_modules/nest": {
      "version": "0.1.6",
      "resolved": "https://registry.npmjs.org/nest/-/nest-0.1.6.tgz",
      "integrity": "sha512-21378J/6pHB9EZMId5yz9DaxVj778pCHhzfXhRLLrLWZydpLgbsyxL5B5QyTSWJBk5L8XbiGgMvNZMb/qBySYg==",
      "engines": {
        "node": "*"
      }
    },
    "node_modules/nestjs": {
      "version": "0.0.1",
      "resolved": "https://registry.npmjs.org/nestjs/-/nestjs-0.0.1.tgz",
      "integrity": "sha512-LJTf2zDRtWE69B6R2DUW6/LCftgVOq3kp3aqxPsB0eei8OX+lW2RFjzREZWRL1GUD/jGdBSMhM3Q5YWLC2uHNg==",
      "license": "ISC"
    }
  }
}
